
Microsoft Visual Studio Solution File, Format Version 12.00
# Visual Studio Version 17
VisualStudioVersion = 17.10.34928.147
MinimumVisualStudioVersion = 10.0.40219.1
Project("{FAE04EC0-301F-11D3-BF4B-00C04F79EFBC}") = "Fiap.operacoes", "Fiap.operacoes\Fiap.operacoes.csproj", "{E49EAF10-2D93-428E-BACC-13DB188C7BA5}"
EndProject
Global
	GlobalSection(SolutionConfigurationPlatforms) = preSolution
		Debug|Any CPU = Debug|Any CPU
		Release|Any CPU = Release|Any CPU
	EndGlobalSection
	GlobalSection(ProjectConfigurationPlatforms) = postSolution
		{E49EAF10-2D93-428E-BACC-13DB188C7BA5}.Debug|Any CPU.ActiveCfg = Debug|Any CPU
		{E49EAF10-2D93-428E-BACC-13DB188C7BA5}.Debug|Any CPU.Build.0 = Debug|Any CPU
		{E49EAF10-2D93-428E-BACC-13DB188C7BA5}.Release|Any CPU.ActiveCfg = Release|Any CPU
		{E49EAF10-2D93-428E-BACC-13DB188C7BA5}.Release|Any CPU.Build.0 = Release|Any CPU
	EndGlobalSection
	GlobalSection(SolutionProperties) = preSolution
		HideSolutionNode = FALSE
	EndGlobalSection
	GlobalSection(ExtensibilityGlobals) = postSolution
		SolutionGuid = {C73D3E8D-49ED-4804-B08C-73EFAC9BED95}
	EndGlobalSection
EndGlobal
